
Microsoft Visual Studio Solution File, Format Version 12.00
# Visual Studio 15
VisualStudioVersion = 15.0.28010.2016
MinimumVisualStudioVersion = 10.0.40219.1
Project("{FAE04EC0-301F-11D3-BF4B-00C04F79EFBC}") = "WebApplication2", "WebApplication2\WebApplication2.csproj", "{BF53442A-6C6D-40A2-A490-3427E0B9FEB5}"
EndProject
Project("{E53339B2-1760-4266-BCC7-CA923CBCF16C}") = "docker-compose", "docker-compose.dcproj", "{1AF33E0F-C919-4A58-B4F2-FA5152D72E68}"
EndProject
Global
	GlobalSection(SolutionConfigurationPlatforms) = preSolution
		Debug|Any CPU = Debug|Any CPU
		Release|Any CPU = Release|Any CPU
	EndGlobalSection
	GlobalSection(ProjectConfigurationPlatforms) = postSolution
		{BF53442A-6C6D-40A2-A490-3427E0B9FEB5}.Debug|Any CPU.ActiveCfg = Debug|Any CPU
		{BF53442A-6C6D-40A2-A490-3427E0B9FEB5}.Debug|Any CPU.Build.0 = Debug|Any CPU
		{BF53442A-6C6D-40A2-A490-3427E0B9FEB5}.Release|Any CPU.ActiveCfg = Release|Any CPU
		{BF53442A-6C6D-40A2-A490-3427E0B9FEB5}.Release|Any CPU.Build.0 = Release|Any CPU
		{1AF33E0F-C919-4A58-B4F2-FA5152D72E68}.Debug|Any CPU.ActiveCfg = Debug|Any CPU
		{1AF33E0F-C919-4A58-B4F2-FA5152D72E68}.Debug|Any CPU.Build.0 = Debug|Any CPU
		{1AF33E0F-C919-4A58-B4F2-FA5152D72E68}.Release|Any CPU.ActiveCfg = Release|Any CPU
		{1AF33E0F-C919-4A58-B4F2-FA5152D72E68}.Release|Any CPU.Build.0 = Release|Any CPU
	EndGlobalSection
	GlobalSection(SolutionProperties) = preSolution
		HideSolutionNode = FALSE
	EndGlobalSection
	GlobalSection(ExtensibilityGlobals) = postSolution
		SolutionGuid = {7E1D972F-A9F4-4933-AAF6-5DDFF7969A9A}
	EndGlobalSection
EndGlobal
